
Microsoft Visual Studio Solution File, Format Version 12.00
# Visual Studio Version 16
VisualStudioVersion = 16.0.29306.81
MinimumVisualStudioVersion = 10.0.40219.1
Project("{FAE04EC0-301F-11D3-BF4B-00C04F79EFBC}") = "BunnyCDN.Net.Storage", "BunnyCDN.Net.Storage\BunnyCDN.Net.Storage.csproj", "{D2AD5D5D-D2AE-43C0-B426-2BD82FD4E230}"
EndProject
Global
	GlobalSection(SolutionConfigurationPlatforms) = preSolution
		Debug|Any CPU = Debug|Any CPU
		Release|Any CPU = Release|Any CPU
	EndGlobalSection
	GlobalSection(ProjectConfigurationPlatforms) = postSolution
		{D2AD5D5D-D2AE-43C0-B426-2BD82FD4E230}.Debug|Any CPU.ActiveCfg = Debug|Any CPU
		{D2AD5D5D-D2AE-43C0-B426-2BD82FD4E230}.Debug|Any CPU.Build.0 = Debug|Any CPU
		{D2AD5D5D-D2AE-43C0-B426-2BD82FD4E230}.Release|Any CPU.ActiveCfg = Release|Any CPU
		{D2AD5D5D-D2AE-43C0-B426-2BD82FD4E230}.Release|Any CPU.Build.0 = Release|Any CPU
	EndGlobalSection
	GlobalSection(SolutionProperties) = preSolution
		HideSolutionNode = FALSE
	EndGlobalSection
	GlobalSection(ExtensibilityGlobals) = postSolution
		SolutionGuid = {2BDFA624-1190-488F-A0FE-B43342CCAD26}
	EndGlobalSection
EndGlobal
